
Microsoft Visual Studio Solution File, Format Version 12.00
# Visual Studio 15
VisualStudioVersion = 15.0.28307.902
MinimumVisualStudioVersion = 10.0.40219.1
Project("{9A19103F-16F7-4668-BE54-9A1E7A4F7556}") = "CoreWithSwagger", "CoreWithSwagger\CoreWithSwagger.csproj", "{8E5DF22D-BB9A-4638-8179-A4F49CE4663F}"
EndProject
Project("{9A19103F-16F7-4668-BE54-9A1E7A4F7556}") = "Dal", "Dal\Dal.csproj", "{4585D9BB-7090-4268-96A3-4FB2FBF27FF7}"
EndProject
Project("{9A19103F-16F7-4668-BE54-9A1E7A4F7556}") = "EmployeeDBDal", "AdventureWorksDal\EmployeeDBDal.csproj", "{4E16CF9F-A12C-4C2D-A164-773D235F9A20}"
EndProject
Project("{9A19103F-16F7-4668-BE54-9A1E7A4F7556}") = "Adventure.Works.Dal", "Adventure.Works.Dal\Adventure.Works.Dal.csproj", "{9CA632F1-847E-46E3-B7C5-13CAFC9033E2}"
EndProject
Project("{FAE04EC0-301F-11D3-BF4B-00C04F79EFBC}") = "MessageManager", "MessageManager\MessageManager.csproj", "{743E88D1-1D3A-4DFC-B4EA-06F9D6B8AE3B}"
EndProject
Global
	GlobalSection(SolutionConfigurationPlatforms) = preSolution
		Debug|Any CPU = Debug|Any CPU
		Release|Any CPU = Release|Any CPU
	EndGlobalSection
	GlobalSection(ProjectConfigurationPlatforms) = postSolution
		{8E5DF22D-BB9A-4638-8179-A4F49CE4663F}.Debug|Any CPU.ActiveCfg = Debug|Any CPU
		{8E5DF22D-BB9A-4638-8179-A4F49CE4663F}.Debug|Any CPU.Build.0 = Debug|Any CPU
		{8E5DF22D-BB9A-4638-8179-A4F49CE4663F}.Release|Any CPU.ActiveCfg = Release|Any CPU
		{8E5DF22D-BB9A-4638-8179-A4F49CE4663F}.Release|Any CPU.Build.0 = Release|Any CPU
		{4585D9BB-7090-4268-96A3-4FB2FBF27FF7}.Debug|Any CPU.ActiveCfg = Debug|Any CPU
		{4585D9BB-7090-4268-96A3-4FB2FBF27FF7}.Debug|Any CPU.Build.0 = Debug|Any CPU
		{4585D9BB-7090-4268-96A3-4FB2FBF27FF7}.Release|Any CPU.ActiveCfg = Release|Any CPU
		{4585D9BB-7090-4268-96A3-4FB2FBF27FF7}.Release|Any CPU.Build.0 = Release|Any CPU
		{4E16CF9F-A12C-4C2D-A164-773D235F9A20}.Debug|Any CPU.ActiveCfg = Debug|Any CPU
		{4E16CF9F-A12C-4C2D-A164-773D235F9A20}.Debug|Any CPU.Build.0 = Debug|Any CPU
		{4E16CF9F-A12C-4C2D-A164-773D235F9A20}.Release|Any CPU.ActiveCfg = Release|Any CPU
		{4E16CF9F-A12C-4C2D-A164-773D235F9A20}.Release|Any CPU.Build.0 = Release|Any CPU
		{9CA632F1-847E-46E3-B7C5-13CAFC9033E2}.Debug|Any CPU.ActiveCfg = Debug|Any CPU
		{9CA632F1-847E-46E3-B7C5-13CAFC9033E2}.Debug|Any CPU.Build.0 = Debug|Any CPU
		{9CA632F1-847E-46E3-B7C5-13CAFC9033E2}.Release|Any CPU.ActiveCfg = Release|Any CPU
		{9CA632F1-847E-46E3-B7C5-13CAFC9033E2}.Release|Any CPU.Build.0 = Release|Any CPU
		{743E88D1-1D3A-4DFC-B4EA-06F9D6B8AE3B}.Debug|Any CPU.ActiveCfg = Debug|Any CPU
		{743E88D1-1D3A-4DFC-B4EA-06F9D6B8AE3B}.Debug|Any CPU.Build.0 = Debug|Any CPU
		{743E88D1-1D3A-4DFC-B4EA-06F9D6B8AE3B}.Release|Any CPU.ActiveCfg = Release|Any CPU
		{743E88D1-1D3A-4DFC-B4EA-06F9D6B8AE3B}.Release|Any CPU.Build.0 = Release|Any CPU
	EndGlobalSection
	GlobalSection(SolutionProperties) = preSolution
		HideSolutionNode = FALSE
	EndGlobalSection
	GlobalSection(ExtensibilityGlobals) = postSolution
		SolutionGuid = {12E84D6D-CCAC-42C6-80C6-D7CC05988C04}
	EndGlobalSection
EndGlobal
